
Microsoft Visual Studio Solution File, Format Version 12.00
Project("{9A19103F-16F7-4668-BE54-9A1E7A4F7556}") = "Localex.Build", "build\Localex.Build.csproj", "{E74CCEF5-8D78-4FC0-BD69-469F3B842B50}"
EndProject
Project("{2150E333-8FDC-42A3-9474-1A3956D46DE8}") = "Sources", "Sources", "{413BD672-7DF3-47EC-B061-64679F898007}"
EndProject
Project("{2150E333-8FDC-42A3-9474-1A3956D46DE8}") = "Build", "Build", "{AE1B601F-7DA1-4CC2-AD14-7961E02B8A34}"
EndProject
Project("{2150E333-8FDC-42A3-9474-1A3956D46DE8}") = "Providers", "Providers", "{7C9668AB-608F-4A87-B102-D30881164832}"
EndProject
Project("{2150E333-8FDC-42A3-9474-1A3956D46DE8}") = "Extensions", "Extensions", "{2E19E40B-E473-4742-B764-81EA1D2735C9}"
EndProject
Project("{FAE04EC0-301F-11D3-BF4B-00C04F79EFBC}") = "Localex.Abstractions", "src\Localex.Abstractions\Localex.Abstractions.csproj", "{34EA55FC-4BD0-4701-9761-3043903B9580}"
EndProject
Project("{FAE04EC0-301F-11D3-BF4B-00C04F79EFBC}") = "Localex", "src\Localex\Localex.csproj", "{22EA15B1-4C8B-4AC7-B8BA-6AF611E237A7}"
EndProject
Project("{2150E333-8FDC-42A3-9474-1A3956D46DE8}") = "Examples", "Examples", "{FD6E7D35-DA20-43E4-86F3-96CD796F277A}"
EndProject
Project("{FAE04EC0-301F-11D3-BF4B-00C04F79EFBC}") = "Localex.Example", "examples\Localex.Example\Localex.Example.csproj", "{899E5E2E-8A84-4E47-BE69-B8C078EF6A53}"
EndProject
Project("{FAE04EC0-301F-11D3-BF4B-00C04F79EFBC}") = "Localex.Providers.File", "src\providers\Localex.Providers.File\Localex.Providers.File.csproj", "{036C5813-CAE5-4CFB-A518-05A8F8BA48B0}"
EndProject
Project("{FAE04EC0-301F-11D3-BF4B-00C04F79EFBC}") = "Localex.Providers.Json", "src\providers\Localex.Providers.Json\Localex.Providers.Json.csproj", "{B9051CE6-AB33-4574-BD38-B42B3B3AA6B7}"
EndProject
Project("{FAE04EC0-301F-11D3-BF4B-00C04F79EFBC}") = "Localex.Extensions.DependencyInjection", "src\extensions\Localex.Extensions.DependencyInjection\Localex.Extensions.DependencyInjection.csproj", "{D2976B5A-E217-4BF4-9A0A-323760DFF2D3}"
EndProject
Project("{FAE04EC0-301F-11D3-BF4B-00C04F79EFBC}") = "Localex.Extensions.DependencyInjection.Autofac", "src\extensions\Localex.Extensions.DependencyInjection.Autofac\Localex.Extensions.DependencyInjection.Autofac.csproj", "{B3479627-7147-410B-94E2-FA8F9F2E9720}"
EndProject
Project("{FAE04EC0-301F-11D3-BF4B-00C04F79EFBC}") = "Localex.Providers.Xml", "src\providers\Localex.Providers.Xml\Localex.Providers.Xml.csproj", "{1CF51E1A-14E8-479A-82C0-AA922E19A0E9}"
EndProject
Project("{FAE04EC0-301F-11D3-BF4B-00C04F79EFBC}") = "Localex.Providers.Yaml", "src\providers\Localex.Providers.Yaml\Localex.Providers.Yaml.csproj", "{230DFBBD-1863-4344-A5E2-A6B772B6A67B}"
EndProject
Global
	GlobalSection(SolutionConfigurationPlatforms) = preSolution
		Debug|Any CPU = Debug|Any CPU
		Release|Any CPU = Release|Any CPU
	EndGlobalSection
	GlobalSection(ProjectConfigurationPlatforms) = postSolution
		{E74CCEF5-8D78-4FC0-BD69-469F3B842B50}.Debug|Any CPU.ActiveCfg = Debug|Any CPU
		{E74CCEF5-8D78-4FC0-BD69-469F3B842B50}.Release|Any CPU.ActiveCfg = Release|Any CPU
		{34EA55FC-4BD0-4701-9761-3043903B9580}.Debug|Any CPU.ActiveCfg = Debug|Any CPU
		{34EA55FC-4BD0-4701-9761-3043903B9580}.Debug|Any CPU.Build.0 = Debug|Any CPU
		{34EA55FC-4BD0-4701-9761-3043903B9580}.Release|Any CPU.ActiveCfg = Release|Any CPU
		{34EA55FC-4BD0-4701-9761-3043903B9580}.Release|Any CPU.Build.0 = Release|Any CPU
		{22EA15B1-4C8B-4AC7-B8BA-6AF611E237A7}.Debug|Any CPU.ActiveCfg = Debug|Any CPU
		{22EA15B1-4C8B-4AC7-B8BA-6AF611E237A7}.Debug|Any CPU.Build.0 = Debug|Any CPU
		{22EA15B1-4C8B-4AC7-B8BA-6AF611E237A7}.Release|Any CPU.ActiveCfg = Release|Any CPU
		{22EA15B1-4C8B-4AC7-B8BA-6AF611E237A7}.Release|Any CPU.Build.0 = Release|Any CPU
		{899E5E2E-8A84-4E47-BE69-B8C078EF6A53}.Debug|Any CPU.ActiveCfg = Debug|Any CPU
		{899E5E2E-8A84-4E47-BE69-B8C078EF6A53}.Debug|Any CPU.Build.0 = Debug|Any CPU
		{899E5E2E-8A84-4E47-BE69-B8C078EF6A53}.Release|Any CPU.ActiveCfg = Release|Any CPU
		{899E5E2E-8A84-4E47-BE69-B8C078EF6A53}.Release|Any CPU.Build.0 = Release|Any CPU
		{036C5813-CAE5-4CFB-A518-05A8F8BA48B0}.Debug|Any CPU.ActiveCfg = Debug|Any CPU
		{036C5813-CAE5-4CFB-A518-05A8F8BA48B0}.Debug|Any CPU.Build.0 = Debug|Any CPU
		{036C5813-CAE5-4CFB-A518-05A8F8BA48B0}.Release|Any CPU.ActiveCfg = Release|Any CPU
		{036C5813-CAE5-4CFB-A518-05A8F8BA48B0}.Release|Any CPU.Build.0 = Release|Any CPU
		{B9051CE6-AB33-4574-BD38-B42B3B3AA6B7}.Debug|Any CPU.ActiveCfg = Debug|Any CPU
		{B9051CE6-AB33-4574-BD38-B42B3B3AA6B7}.Debug|Any CPU.Build.0 = Debug|Any CPU
		{B9051CE6-AB33-4574-BD38-B42B3B3AA6B7}.Release|Any CPU.ActiveCfg = Release|Any CPU
		{B9051CE6-AB33-4574-BD38-B42B3B3AA6B7}.Release|Any CPU.Build.0 = Release|Any CPU
		{D2976B5A-E217-4BF4-9A0A-323760DFF2D3}.Debug|Any CPU.ActiveCfg = Debug|Any CPU
		{D2976B5A-E217-4BF4-9A0A-323760DFF2D3}.Debug|Any CPU.Build.0 = Debug|Any CPU
		{D2976B5A-E217-4BF4-9A0A-323760DFF2D3}.Release|Any CPU.ActiveCfg = Release|Any CPU
		{D2976B5A-E217-4BF4-9A0A-323760DFF2D3}.Release|Any CPU.Build.0 = Release|Any CPU
		{B3479627-7147-410B-94E2-FA8F9F2E9720}.Debug|Any CPU.ActiveCfg = Debug|Any CPU
		{B3479627-7147-410B-94E2-FA8F9F2E9720}.Debug|Any CPU.Build.0 = Debug|Any CPU
		{B3479627-7147-410B-94E2-FA8F9F2E9720}.Release|Any CPU.ActiveCfg = Release|Any CPU
		{B3479627-7147-410B-94E2-FA8F9F2E9720}.Release|Any CPU.Build.0 = Release|Any CPU
		{1CF51E1A-14E8-479A-82C0-AA922E19A0E9}.Debug|Any CPU.ActiveCfg = Debug|Any CPU
		{1CF51E1A-14E8-479A-82C0-AA922E19A0E9}.Debug|Any CPU.Build.0 = Debug|Any CPU
		{1CF51E1A-14E8-479A-82C0-AA922E19A0E9}.Release|Any CPU.ActiveCfg = Release|Any CPU
		{1CF51E1A-14E8-479A-82C0-AA922E19A0E9}.Release|Any CPU.Build.0 = Release|Any CPU
		{230DFBBD-1863-4344-A5E2-A6B772B6A67B}.Debug|Any CPU.ActiveCfg = Debug|Any CPU
		{230DFBBD-1863-4344-A5E2-A6B772B6A67B}.Debug|Any CPU.Build.0 = Debug|Any CPU
		{230DFBBD-1863-4344-A5E2-A6B772B6A67B}.Release|Any CPU.ActiveCfg = Release|Any CPU
		{230DFBBD-1863-4344-A5E2-A6B772B6A67B}.Release|Any CPU.Build.0 = Release|Any CPU
	EndGlobalSection
	GlobalSection(NestedProjects) = preSolution
		{E74CCEF5-8D78-4FC0-BD69-469F3B842B50} = {AE1B601F-7DA1-4CC2-AD14-7961E02B8A34}
		{7C9668AB-608F-4A87-B102-D30881164832} = {413BD672-7DF3-47EC-B061-64679F898007}
		{2E19E40B-E473-4742-B764-81EA1D2735C9} = {413BD672-7DF3-47EC-B061-64679F898007}
		{34EA55FC-4BD0-4701-9761-3043903B9580} = {413BD672-7DF3-47EC-B061-64679F898007}
		{22EA15B1-4C8B-4AC7-B8BA-6AF611E237A7} = {413BD672-7DF3-47EC-B061-64679F898007}
		{899E5E2E-8A84-4E47-BE69-B8C078EF6A53} = {FD6E7D35-DA20-43E4-86F3-96CD796F277A}
		{036C5813-CAE5-4CFB-A518-05A8F8BA48B0} = {7C9668AB-608F-4A87-B102-D30881164832}
		{B9051CE6-AB33-4574-BD38-B42B3B3AA6B7} = {7C9668AB-608F-4A87-B102-D30881164832}
		{D2976B5A-E217-4BF4-9A0A-323760DFF2D3} = {2E19E40B-E473-4742-B764-81EA1D2735C9}
		{B3479627-7147-410B-94E2-FA8F9F2E9720} = {2E19E40B-E473-4742-B764-81EA1D2735C9}
		{1CF51E1A-14E8-479A-82C0-AA922E19A0E9} = {7C9668AB-608F-4A87-B102-D30881164832}
		{230DFBBD-1863-4344-A5E2-A6B772B6A67B} = {7C9668AB-608F-4A87-B102-D30881164832}
	EndGlobalSection
EndGlobal
